{
  "name": "Note-Taking-App",
  "lockfileVersion": 3,
  "requires": true,
  "packages": {
    "": {
      "dependencies": {
        "@headless-tree/core": "^1.6.3",
        "@headless-tree/react": "^1.6.3"
      }
    },
    "node_modules/@headless-tree/core": {
      "version": "1.6.3",
      "resolved": "https://registry.npmjs.org/@headless-tree/core/-/core-1.6.3.tgz",
      "integrity": "sha512-en0EOaZfiCRF2B8DEnhGhSaUf3hVr9Bauye8G8aswPbHOKSyhJiN4bsczz1GvqF4Xb7Ga3LP0vLA6Zih7YLoyw==",
      "license": "MIT",
      "funding": {
        "url": "https://github.com/sponsors/lukasbach"
      }
    },
    "node_modules/@headless-tree/react": {
      "version": "1.6.3",
      "resolved": "https://registry.npmjs.org/@headless-tree/react/-/react-1.6.3.tgz",
      "integrity": "sha512-aiRwG6e2EPBSec9uLLy9GlTvAuCtSTouU30Nwcr5ZTsYjG/i7B/ouC8f8Zu4unzo/v1h5ztbemp+EH2TPTKh+g==",
      "license": "MIT",
      "funding": {
        "url": "https://github.com/sponsors/lukasbach"
      },
      "peerDependencies": {
        "@headless-tree/core": "*",
        "react": "*",
        "react-dom": "*"
      }
    },
    "node_modules/react": {
      "version": "19.2.3",
      "resolved": "https://registry.npmjs.org/react/-/react-19.2.3.tgz",
      "integrity": "sha512-Ku/hhYbVjOQnXDZFv2+RibmLFGwFdeeKHFcOTlrt7xplBnya5OGn/hIRDsqDiSUcfORsDC7MPxwork8jBwsIWA==",
      "license": "MIT",
      "peer": true,
      "engines": {
        "node": ">=0.10.0"
      }
    },
    "node_modules/react-dom": {
      "version": "19.2.3",
      "resolved": "https://registry.npmjs.org/react-dom/-/react-dom-19.2.3.tgz",
      "integrity": "sha512-yELu4WmLPw5Mr/lmeEpox5rw3RETacE++JgHqQzd2dg+YbJuat3jH4ingc+WPZhxaoFzdv9y33G+F7Nl5O0GBg==",
      "license": "MIT",
      "peer": true,
      "dependencies": {
        "scheduler": "^0.27.0"
      },
      "peerDependencies": {
        "react": "^19.2.3"
      }
    },
    "node_modules/scheduler": {
      "version": "0.27.0",
      "resolved": "https://registry.npmjs.org/scheduler/-/scheduler-0.27.0.tgz",
      "integrity": "sha512-eNv+WrVbKu1f3vbYJT/xtiF5syA5HPIMtf9IgY/nKg0sWqzAUEvqY/xm7OcZc/qafLx/iO9FgOmeSAp4v5ti/Q==",
      "license": "MIT",
      "peer": true
    }
  }
}
